
Microsoft Visual Studio Solution File, Format Version 12.00
# Visual Studio Version 17
VisualStudioVersion = 17.0.31903.59
MinimumVisualStudioVersion = 10.0.40219.1
Project("{FAE04EC0-301F-11D3-BF4B-00C04F79EFBC}") = "Cross.Common.System.IO", "Cross.Common.System.IO\Cross.Common.System.IO.csproj", "{277587F3-49B9-4A4F-8323-A8EFA3FCA0B6}"
EndProject
Project("{FAE04EC0-301F-11D3-BF4B-00C04F79EFBC}") = "Cross.Common.System.IO.Tests", "Cross.Common.System.IO.Tests\Cross.Common.System.IO.Tests.csproj", "{50EAE77F-CA8D-4EB1-8649-8E955773B489}"
EndProject
Global
	GlobalSection(SolutionConfigurationPlatforms) = preSolution
		Debug|Any CPU = Debug|Any CPU
		Release|Any CPU = Release|Any CPU
	EndGlobalSection
	GlobalSection(SolutionProperties) = preSolution
		HideSolutionNode = FALSE
	EndGlobalSection
	GlobalSection(ProjectConfigurationPlatforms) = postSolution
		{277587F3-49B9-4A4F-8323-A8EFA3FCA0B6}.Debug|Any CPU.ActiveCfg = Debug|Any CPU
		{277587F3-49B9-4A4F-8323-A8EFA3FCA0B6}.Debug|Any CPU.Build.0 = Debug|Any CPU
		{277587F3-49B9-4A4F-8323-A8EFA3FCA0B6}.Release|Any CPU.ActiveCfg = Release|Any CPU
		{277587F3-49B9-4A4F-8323-A8EFA3FCA0B6}.Release|Any CPU.Build.0 = Release|Any CPU
		{50EAE77F-CA8D-4EB1-8649-8E955773B489}.Debug|Any CPU.ActiveCfg = Debug|Any CPU
		{50EAE77F-CA8D-4EB1-8649-8E955773B489}.Debug|Any CPU.Build.0 = Debug|Any CPU
		{50EAE77F-CA8D-4EB1-8649-8E955773B489}.Release|Any CPU.ActiveCfg = Release|Any CPU
		{50EAE77F-CA8D-4EB1-8649-8E955773B489}.Release|Any CPU.Build.0 = Release|Any CPU
	EndGlobalSection
EndGlobal
